// !$*UTF8*$!
{
	archiveVersion = 1;
	classes = {
	};
	objectVersion = 56;
	objects = {

/* Begin PBXBuildFile section */
		E5DF7C282BE9822A000CF5D2 /* QRCodeScannerByHopeApp.swift in Sources */ = {isa = PBXBuildFile; fileRef = E5DF7C272BE9822A000CF5D2 /* QRCodeScannerByHopeApp.swift */; };
		E5DF7C2A2BE9822A000CF5D2 /* ContentView.swift in Sources */ = {isa = PBXBuildFile; fileRef = E5DF7C292BE9822A000CF5D2 /* ContentView.swift */; };
		E5DF7C2C2BE9822B000CF5D2 /* Assets.xcassets in Resources */ = {isa = PBXBuildFile; fileRef = E5DF7C2B2BE9822B000CF5D2 /* Assets.xcassets */; };
		E5DF7C2F2BE9822B000CF5D2 /* Preview Assets.xcassets in Resources */ = {isa = PBXBuildFile; fileRef = E5DF7C2E2BE9822B000CF5D2 /* Preview Assets.xcassets */; };
		E5DF7C392BE9822B000CF5D2 /* QRCodeScannerByHopeTests.swift in Sources */ = {isa = PBXBuildFile; fileRef = E5DF7C382BE9822B000CF5D2 /* QRCodeScannerByHopeTests.swift */; };
		E5DF7C432BE9822B000CF5D2 /* QRCodeScannerByHopeUITests.swift in Sources */ = {isa = PBXBuildFile; fileRef = E5DF7C422BE9822B000CF5D2 /* QRCodeScannerByHopeUITests.swift */; };
		E5DF7C452BE9822B000CF5D2 /* QRCodeScannerByHopeUITestsLaunchTests.swift in Sources */ = {isa = PBXBuildFile; fileRef = E5DF7C442BE9822B000CF5D2 /* QRCodeScannerByHopeUITestsLaunchTests.swift */; };
		E5DF7C532BE982B3000CF5D2 /* SwiftUI.framework in Frameworks */ = {isa = PBXBuildFile; fileRef = E5DF7C522BE982B3000CF5D2 /* SwiftUI.framework */; };
		E5DF7C552BE982C2000CF5D2 /* AVFoundation.framework in Frameworks */ = {isa = PBXBuildFile; fileRef = E5DF7C542BE982C2000CF5D2 /* AVFoundation.framework */; };
		E5DF7C572BE98405000CF5D2 /* AudioToolbox.framework in Frameworks */ = {isa = PBXBuildFile; fileRef = E5DF7C562BE98405000CF5D2 /* AudioToolbox.framework */; };
		E5DF7C592BE9860A000CF5D2 /* QRCodeScannerView.swift in Sources */ = {isa = PBXBuildFile; fileRef = E5DF7C582BE9860A000CF5D2 /* QRCodeScannerView.swift */; };
		E5DF7C5D2BE99259000CF5D2 /* ScannerViewModel.swift in Sources */ = {isa = PBXBuildFile; fileRef = E5DF7C5C2BE99259000CF5D2 /* ScannerViewModel.swift */; };
/* End PBXBuildFile section */

/* Begin PBXContainerItemProxy section */
		E5DF7C352BE9822B000CF5D2 /* PBXContainerItemProxy */ = {
			isa = PBXContainerItemProxy;
			containerPortal = E5DF7C1C2BE9822A000CF5D2 /* Project object */;
			proxyType = 1;
			remoteGlobalIDString = E5DF7C232BE9822A000CF5D2;
			remoteInfo = QRCodeScannerByHope;
		};
		E5DF7C3F2BE9822B000CF5D2 /* PBXContainerItemProxy */ = {
			isa = PBXContainerItemProxy;
			containerPortal = E5DF7C1C2BE9822A000CF5D2 /* Project object */;
			proxyType = 1;
			remoteGlobalIDString = E5DF7C232BE9822A000CF5D2;
			remoteInfo = QRCodeScannerByHope;
		};
/* End PBXContainerItemProxy section */

/* Begin PBXFileReference section */
		E5DF7C242BE9822A000CF5D2 /* QRCodeScannerByHope.app */ = {isa = PBXFileReference; explicitFileType = wrapper.application; includeInIndex = 0; path = QRCodeScannerByHope.app; sourceTree = BUILT_PRODUCTS_DIR; };
		E5DF7C272BE9822A000CF5D2 /* QRCodeScannerByHopeApp.swift */ = {isa = PBXFileReference; lastKnownFileType = sourcecode.swift; path = QRCodeScannerByHopeApp.swift; sourceTree = "<group>"; };
		E5DF7C292BE9822A000CF5D2 /* ContentView.swift */ = {isa = PBXFileReference; lastKnownFileType = sourcecode.swift; path = ContentView.swift; sourceTree = "<group>"; };
		E5DF7C2B2BE9822B000CF5D2 /* Assets.xcassets */ = {isa = PBXFileReference; lastKnownFileType = folder.assetcatalog; path = Assets.xcassets; sourceTree = "<group>"; };
		E5DF7C2E2BE9822B000CF5D2 /* Preview Assets.xcassets */ = {isa = PBXFileReference; lastKnownFileType = folder.assetcatalog; path = "Preview Assets.xcassets"; sourceTree = "<group>"; };
		E5DF7C342BE9822B000CF5D2 /* QRCodeScannerByHopeTests.xctest */ = {isa = PBXFileReference; explicitFileType = wrapper.cfbundle; includeInIndex = 0; path = QRCodeScannerByHopeTests.xctest; sourceTree = BUILT_PRODUCTS_DIR; };
		E5DF7C382BE9822B000CF5D2 /* QRCodeScannerByHopeTests.swift */ = {isa = PBXFileReference; lastKnownFileType = sourcecode.swift; path = QRCodeScannerByHopeTests.swift; sourceTree = "<group>"; };
		E5DF7C3E2BE9822B000CF5D2 /* QRCodeScannerByHopeUITests.xctest */ = {isa = PBXFileReference; explicitFileType = wrapper.cfbundle; includeInIndex = 0; path = QRCodeScannerByHopeUITests.xctest; sourceTree = BUILT_PRODUCTS_DIR; };
		E5DF7C422BE9822B000CF5D2 /* QRCodeScannerByHopeUITests.swift */ = {isa = PBXFileReference; lastKnownFileType = sourcecode.swift; path = QRCodeScannerByHopeUITests.swift; sourceTree = "<group>"; };
		E5DF7C442BE9822B000CF5D2 /* QRCodeScannerByHopeUITestsLaunchTests.swift */ = {isa = PBXFileReference; lastKnownFileType = sourcecode.swift; path = QRCodeScannerByHopeUITestsLaunchTests.swift; sourceTree = "<group>"; };
		E5DF7C522BE982B3000CF5D2 /* SwiftUI.framework */ = {isa = PBXFileReference; lastKnownFileType = wrapper.framework; name = SwiftUI.framework; path = System/Library/Frameworks/SwiftUI.framework; sourceTree = SDKROOT; };
		E5DF7C542BE982C2000CF5D2 /* AVFoundation.framework */ = {isa = PBXFileReference; lastKnownFileType = wrapper.framework; name = AVFoundation.framework; path = System/Library/Frameworks/AVFoundation.framework; sourceTree = SDKROOT; };
		E5DF7C562BE98405000CF5D2 /* AudioToolbox.framework */ = {isa = PBXFileReference; lastKnownFileType = wrapper.framework; name = AudioToolbox.framework; path = System/Library/Frameworks/AudioToolbox.framework; sourceTree = SDKROOT; };
		E5DF7C582BE9860A000CF5D2 /* QRCodeScannerView.swift */ = {isa = PBXFileReference; lastKnownFileType = sourcecode.swift; path = QRCodeScannerView.swift; sourceTree = "<group>"; };
		E5DF7C5C2BE99259000CF5D2 /* ScannerViewModel.swift */ = {isa = PBXFileReference; lastKnownFileType = sourcecode.swift; path = ScannerViewModel.swift; sourceTree = "<group>"; };
/* End PBXFileReference section */

/* Begin PBXFrameworksBuildPhase section */
		E5DF7C212BE9822A000CF5D2 /* Frameworks */ = {
			isa = PBXFrameworksBuildPhase;
			buildActionMask = 2147483647;
			files = (
				E5DF7C552BE982C2000CF5D2 /* AVFoundation.framework in Frameworks */,
				E5DF7C532BE982B3000CF5D2 /* SwiftUI.framework in Frameworks */,
				E5DF7C572BE98405000CF5D2 /* AudioToolbox.framework in Frameworks */,
			);
			runOnlyForDeploymentPostprocessing = 0;
		};
		E5DF7C312BE9822B000CF5D2 /* Frameworks */ = {
			isa = PBXFrameworksBuildPhase;
			buildActionMask = 2147483647;
			files = (
			);
			runOnlyForDeploymentPostprocessing = 0;
		};
		E5DF7C3B2BE9822B000CF5D2 /* Frameworks */ = {
			isa = PBXFrameworksBuildPhase;
			buildActionMask = 2147483647;
			files = (
			);
			runOnlyForDeploymentPostprocessing = 0;
		};
/* End PBXFrameworksBuildPhase section */

/* Begin PBXGroup section */
		E5DF7C1B2BE9822A000CF5D2 = {
			isa = PBXGroup;
			children = (
				E5DF7C262BE9822A000CF5D2 /* QRCodeScannerByHope */,
				E5DF7C372BE9822B000CF5D2 /* QRCodeScannerByHopeTests */,
				E5DF7C412BE9822B000CF5D2 /* QRCodeScannerByHopeUITests */,
				E5DF7C252BE9822A000CF5D2 /* Products */,
				E5DF7C512BE982B3000CF5D2 /* Frameworks */,
			);
			sourceTree = "<group>";
		};
		E5DF7C252BE9822A000CF5D2 /* Products */ = {
			isa = PBXGroup;
			children = (
				E5DF7C242BE9822A000CF5D2 /* QRCodeScannerByHope.app */,
				E5DF7C342BE9822B000CF5D2 /* QRCodeScannerByHopeTests.xctest */,
				E5DF7C3E2BE9822B000CF5D2 /* QRCodeScannerByHopeUITests.xctest */,
			);
			name = Products;
			sourceTree = "<group>";
		};
		E5DF7C262BE9822A000CF5D2 /* QRCodeScannerByHope */ = {
			isa = PBXGroup;
			children = (
				E5DF7C272BE9822A000CF5D2 /* QRCodeScannerByHopeApp.swift */,
				E5DF7C582BE9860A000CF5D2 /* QRCodeScannerView.swift */,
				E5DF7C292BE9822A000CF5D2 /* ContentView.swift */,
				E5DF7C5C2BE99259000CF5D2 /* ScannerViewModel.swift */,
				E5DF7C2B2BE9822B000CF5D2 /* Assets.xcassets */,
				E5DF7C2D2BE9822B000CF5D2 /* Preview Content */,
			);
			path = QRCodeScannerByHope;
			sourceTree = "<group>";
		};
		E5DF7C2D2BE9822B000CF5D2 /* Preview Content */ = {
			isa = PBXGroup;
			children = (
				E5DF7C2E2BE9822B000CF5D2 /* Preview Assets.xcassets */,
			);
			path = "Preview Content";
			sourceTree = "<group>";
		};
		E5DF7C372BE9822B000CF5D2 /* QRCodeScannerByHopeTests */ = {
			isa = PBXGroup;
			children = (
				E5DF7C382BE9822B000CF5D2 /* QRCodeScannerByHopeTests.swift */,
			);
			path = QRCodeScannerByHopeTests;
			sourceTree = "<group>";
		};
		E5DF7C412BE9822B000CF5D2 /* QRCodeScannerByHopeUITests */ = {
			isa = PBXGroup;
			children = (
				E5DF7C422BE9822B000CF5D2 /* QRCodeScannerByHopeUITests.swift */,
				E5DF7C442BE9822B000CF5D2 /* QRCodeScannerByHopeUITestsLaunchTests.swift */,
			);
			path = QRCodeScannerByHopeUITests;
			sourceTree = "<group>";
		};
		E5DF7C512BE982B3000CF5D2 /* Frameworks */ = {
			isa = PBXGroup;
			children = (
				E5DF7C562BE98405000CF5D2 /* AudioToolbox.framework */,
				E5DF7C542BE982C2000CF5D2 /* AVFoundation.framework */,
				E5DF7C522BE982B3000CF5D2 /* SwiftUI.framework */,
			);
			name = Frameworks;
			sourceTree = "<group>";
		};
/* End PBXGroup section */

/* Begin PBXNativeTarget section */
		E5DF7C232BE9822A000CF5D2 /* QRCodeScannerByHope */ = {
			isa = PBXNativeTarget;
			buildConfigurationList = E5DF7C482BE9822B000CF5D2 /* Build configuration list for PBXNativeTarget "QRCodeScannerByHope" */;
			buildPhases = (
				E5DF7C202BE9822A000CF5D2 /* Sources */,
				E5DF7C212BE9822A000CF5D2 /* Frameworks */,
				E5DF7C222BE9822A000CF5D2 /* Resources */,
			);
			buildRules = (
			);
			dependencies = (
			);
			name = QRCodeScannerByHope;
			productName = QRCodeScannerByHope;
			productReference = E5DF7C242BE9822A000CF5D2 /* QRCodeScannerByHope.app */;
			productType = "com.apple.product-type.application";
		};
		E5DF7C332BE9822B000CF5D2 /* QRCodeScannerByHopeTests */ = {
			isa = PBXNativeTarget;
			buildConfigurationList = E5DF7C4B2BE9822B000CF5D2 /* Build configuration list for PBXNativeTarget "QRCodeScannerByHopeTests" */;
			buildPhases = (
				E5DF7C302BE9822B000CF5D2 /* Sources */,
				E5DF7C312BE9822B000CF5D2 /* Frameworks */,
				E5DF7C322BE9822B000CF5D2 /* Resources */,
			);
			buildRules = (
			);
			dependencies = (
				E5DF7C362BE9822B000CF5D2 /* PBXTargetDependency */,
			);
			name = QRCodeScannerByHopeTests;
			productName = QRCodeScannerByHopeTests;
			productReference = E5DF7C342BE9822B000CF5D2 /* QRCodeScannerByHopeTests.xctest */;
			productType = "com.apple.product-type.bundle.unit-test";
		};
		E5DF7C3D2BE9822B000CF5D2 /* QRCodeScannerByHopeUITests */ = {
			isa = PBXNativeTarget;
			buildConfigurationList = E5DF7C4E2BE9822B000CF5D2 /* Build configuration list for PBXNativeTarget "QRCodeScannerByHopeUITests" */;
			buildPhases = (
				E5DF7C3A2BE9822B000CF5D2 /* Sources */,
				E5DF7C3B2BE9822B000CF5D2 /* Frameworks */,
				E5DF7C3C2BE9822B000CF5D2 /* Resources */,
			);
			buildRules = (
			);
			dependencies = (
				E5DF7C402BE9822B000CF5D2 /* PBXTargetDependency */,
			);
			name = QRCodeScannerByHopeUITests;
			productName = QRCodeScannerByHopeUITests;
			productReference = E5DF7C3E2BE9822B000CF5D2 /* QRCodeScannerByHopeUITests.xctest */;
			productType = "com.apple.product-type.bundle.ui-testing";
		};
/* End PBXNativeTarget section */

/* Begin PBXProject section */
		E5DF7C1C2BE9822A000CF5D2 /* Project object */ = {
			isa = PBXProject;
			attributes = {
				BuildIndependentTargetsInParallel = 1;
				LastSwiftUpdateCheck = 1530;
				LastUpgradeCheck = 1530;
				TargetAttributes = {
					E5DF7C232BE9822A000CF5D2 = {
						CreatedOnToolsVersion = 15.3;
					};
					E5DF7C332BE9822B000CF5D2 = {
						CreatedOnToolsVersion = 15.3;
						TestTargetID = E5DF7C232BE9822A000CF5D2;
					};
					E5DF7C3D2BE9822B000CF5D2 = {
						CreatedOnToolsVersion = 15.3;
						TestTargetID = E5DF7C232BE9822A000CF5D2;
					};
				};
			};
			buildConfigurationList = E5DF7C1F2BE9822A000CF5D2 /* Build configuration list for PBXProject "QRCodeScannerByHope" */;
			compatibilityVersion = "Xcode 14.0";
			developmentRegion = en;
			hasScannedForEncodings = 0;
			knownRegions = (
				en,
				Base,
			);
			mainGroup = E5DF7C1B2BE9822A000CF5D2;
			productRefGroup = E5DF7C252BE9822A000CF5D2 /* Products */;
			projectDirPath = "";
			projectRoot = "";
			targets = (
				E5DF7C232BE9822A000CF5D2 /* QRCodeScannerByHope */,
				E5DF7C332BE9822B000CF5D2 /* QRCodeScannerByHopeTests */,
				E5DF7C3D2BE9822B000CF5D2 /* QRCodeScannerByHopeUITests */,
			);
		};
/* End PBXProject section */

/* Begin PBXResourcesBuildPhase section */
		E5DF7C222BE9822A000CF5D2 /* Resources */ = {
			isa = PBXResourcesBuildPhase;
			buildActionMask = 2147483647;
			files = (
				E5DF7C2F2BE9822B000CF5D2 /* Preview Assets.xcassets in Resources */,
				E5DF7C2C2BE9822B000CF5D2 /* Assets.xcassets in Resources */,
			);
			runOnlyForDeploymentPostprocessing = 0;
		};
		E5DF7C322BE9822B000CF5D2 /* Resources */ = {
			isa = PBXResourcesBuildPhase;
			buildActionMask = 2147483647;
			files = (
			);
			runOnlyForDeploymentPostprocessing = 0;
		};
		E5DF7C3C2BE9822B000CF5D2 /* Resources */ = {
			isa = PBXResourcesBuildPhase;
			buildActionMask = 2147483647;
			files = (
			);
			runOnlyForDeploymentPostprocessing = 0;
		};
/* End PBXResourcesBuildPhase section */

/* Begin PBXSourcesBuildPhase section */
		E5DF7C202BE9822A000CF5D2 /* Sources */ = {
			isa = PBXSourcesBuildPhase;
			buildActionMask = 2147483647;
			files = (
				E5DF7C2A2BE9822A000CF5D2 /* ContentView.swift in Sources */,
				E5DF7C282BE9822A000CF5D2 /* QRCodeScannerByHopeApp.swift in Sources */,
				E5DF7C592BE9860A000CF5D2 /* QRCodeScannerView.swift in Sources */,
				E5DF7C5D2BE99259000CF5D2 /* ScannerViewModel.swift in Sources */,
			);
			runOnlyForDeploymentPostprocessing = 0;
		};
		E5DF7C302BE9822B000CF5D2 /* Sources */ = {
			isa = PBXSourcesBuildPhase;
			buildActionMask = 2147483647;
			files = (
				E5DF7C392BE9822B000CF5D2 /* QRCodeScannerByHopeTests.swift in Sources */,
			);
			runOnlyForDeploymentPostprocessing = 0;
		};
		E5DF7C3A2BE9822B000CF5D2 /* Sources */ = {
			isa = PBXSourcesBuildPhase;
			buildActionMask = 2147483647;
			files = (
				E5DF7C452BE9822B000CF5D2 /* QRCodeScannerByHopeUITestsLaunchTests.swift in Sources */,
				E5DF7C432BE9822B000CF5D2 /* QRCodeScannerByHopeUITests.swift in Sources */,
			);
			runOnlyForDeploymentPostprocessing = 0;
		};
/* End PBXSourcesBuildPhase section */

/* Begin PBXTargetDependency section */
		E5DF7C362BE9822B000CF5D2 /* PBXTargetDependency */ = {
			isa = PBXTargetDependency;
			target = E5DF7C232BE9822A000CF5D2 /* QRCodeScannerByHope */;
			targetProxy = E5DF7C352BE9822B000CF5D2 /* PBXContainerItemProxy */;
		};
		E5DF7C402BE9822B000CF5D2 /* PBXTargetDependency */ = {
			isa = PBXTargetDependency;
			target = E5DF7C232BE9822A000CF5D2 /* QRCodeScannerByHope */;
			targetProxy = E5DF7C3F2BE9822B000CF5D2 /* PBXContainerItemProxy */;
		};
/* End PBXTargetDependency section */

/* Begin XCBuildConfiguration section */
		E5DF7C462BE9822B000CF5D2 /* Debug */ = {
			isa = XCBuildConfiguration;
			buildSettings = {
				ALWAYS_SEARCH_USER_PATHS = NO;
				ASSETCATALOG_COMPILER_GENERATE_SWIFT_ASSET_SYMBOL_EXTENSIONS = YES;
				CLANG_ANALYZER_NONNULL = YES;
				CLANG_ANALYZER_NUMBER_OBJECT_CONVERSION = YES_AGGRESSIVE;
				CLANG_CXX_LANGUAGE_STANDARD = "gnu++20";
				CLANG_ENABLE_MODULES = YES;
				CLANG_ENABLE_OBJC_ARC = YES;
				CLANG_ENABLE_OBJC_WEAK = YES;
				CLANG_WARN_BLOCK_CAPTURE_AUTORELEASING = YES;
				CLANG_WARN_BOOL_CONVERSION = YES;
				CLANG_WARN_COMMA = YES;
				CLANG_WARN_CONSTANT_CONVERSION = YES;
				CLANG_WARN_DEPRECATED_OBJC_IMPLEMENTATIONS = YES;
				CLANG_WARN_DIRECT_OBJC_ISA_USAGE = YES_ERROR;
				CLANG_WARN_DOCUMENTATION_COMMENTS = YES;
				CLANG_WARN_EMPTY_BODY = YES;
				CLANG_WARN_ENUM_CONVERSION = YES;
				CLANG_WARN_INFINITE_RECURSION = YES;
				CLANG_WARN_INT_CONVERSION = YES;
				CLANG_WARN_NON_LITERAL_NULL_CONVERSION = YES;
				CLANG_WARN_OBJC_IMPLICIT_RETAIN_SELF = YES;
				CLANG_WARN_OBJC_LITERAL_CONVERSION = YES;
				CLANG_WARN_OBJC_ROOT_CLASS = YES_ERROR;
				CLANG_WARN_QUOTED_INCLUDE_IN_FRAMEWORK_HEADER = YES;
				CLANG_WARN_RANGE_LOOP_ANALYSIS = YES;
				CLANG_WARN_STRICT_PROTOTYPES = YES;
				CLANG_WARN_SUSPICIOUS_MOVE = YES;
				CLANG_WARN_UNGUARDED_AVAILABILITY = YES_AGGRESSIVE;
				CLANG_WARN_UNREACHABLE_CODE = YES;
				CLANG_WARN__DUPLICATE_METHOD_MATCH = YES;
				COPY_PHASE_STRIP = NO;
				DEBUG_INFORMATION_FORMAT = dwarf;
				ENABLE_STRICT_OBJC_MSGSEND = YES;
				ENABLE_TESTABILITY = YES;
				ENABLE_USER_SCRIPT_SANDBOXING = YES;
				GCC_C_LANGUAGE_STANDARD = gnu17;
				GCC_DYNAMIC_NO_PIC = NO;
				GCC_NO_COMMON_BLOCKS = YES;
				GCC_OPTIMIZATION_LEVEL = 0;
				GCC_PREPROCESSOR_DEFINITIONS = (
					"DEBUG=1",
					"$(inherited)",
				);
				GCC_WARN_64_TO_32_BIT_CONVERSION = YES;
				GCC_WARN_ABOUT_RETURN_TYPE = YES_ERROR;
				GCC_WARN_UNDECLARED_SELECTOR = YES;
				GCC_WARN_UNINITIALIZED_AUTOS = YES_AGGRESSIVE;
				GCC_WARN_UNUSED_FUNCTION = YES;
				GCC_WARN_UNUSED_VARIABLE = YES;
				IPHONEOS_DEPLOYMENT_TARGET = 17.4;
				LOCALIZATION_PREFERS_STRING_CATALOGS = YES;
				MTL_ENABLE_DEBUG_INFO = INCLUDE_SOURCE;
				MTL_FAST_MATH = YES;
				ONLY_ACTIVE_ARCH = YES;
				SDKROOT = iphoneos;
				SWIFT_ACTIVE_COMPILATION_CONDITIONS = "DEBUG $(inherited)";
				SWIFT_OPTIMIZATION_LEVEL = "-Onone";
			};
			name = Debug;
		};
		E5DF7C472BE9822B000CF5D2 /* Release */ = {
			isa = XCBuildConfiguration;
			buildSettings = {
				ALWAYS_SEARCH_USER_PATHS = NO;
				ASSETCATALOG_COMPILER_GENERATE_SWIFT_ASSET_SYMBOL_EXTENSIONS = YES;
				CLANG_ANALYZER_NONNULL = YES;
				CLANG_ANALYZER_NUMBER_OBJECT_CONVERSION = YES_AGGRESSIVE;
				CLANG_CXX_LANGUAGE_STANDARD = "gnu++20";
				CLANG_ENABLE_MODULES = YES;
				CLANG_ENABLE_OBJC_ARC = YES;
				CLANG_ENABLE_OBJC_WEAK = YES;
				CLANG_WARN_BLOCK_CAPTURE_AUTORELEASING = YES;
				CLANG_WARN_BOOL_CONVERSION = YES;
				CLANG_WARN_COMMA = YES;
				CLANG_WARN_CONSTANT_CONVERSION = YES;
				CLANG_WARN_DEPRECATED_OBJC_IMPLEMENTATIONS = YES;
				CLANG_WARN_DIRECT_OBJC_ISA_USAGE = YES_ERROR;
				CLANG_WARN_DOCUMENTATION_COMMENTS = YES;
				CLANG_WARN_EMPTY_BODY = YES;
				CLANG_WARN_ENUM_CONVERSION = YES;
				CLANG_WARN_INFINITE_RECURSION = YES;
				CLANG_WARN_INT_CONVERSION = YES;
				CLANG_WARN_NON_LITERAL_NULL_CONVERSION = YES;
				CLANG_WARN_OBJC_IMPLICIT_RETAIN_SELF = YES;
				CLANG_WARN_OBJC_LITERAL_CONVERSION = YES;
				CLANG_WARN_OBJC_ROOT_CLASS = YES_ERROR;
				CLANG_WARN_QUOTED_INCLUDE_IN_FRAMEWORK_HEADER = YES;
				CLANG_WARN_RANGE_LOOP_ANALYSIS = YES;
				CLANG_WARN_STRICT_PROTOTYPES = YES;
				CLANG_WARN_SUSPICIOUS_MOVE = YES;
				CLANG_WARN_UNGUARDED_AVAILABILITY = YES_AGGRESSIVE;
				CLANG_WARN_UNREACHABLE_CODE = YES;
				CLANG_WARN__DUPLICATE_METHOD_MATCH = YES;
				COPY_PHASE_STRIP = NO;
				DEBUG_INFORMATION_FORMAT = "dwarf-with-dsym";
				ENABLE_NS_ASSERTIONS = NO;
				ENABLE_STRICT_OBJC_MSGSEND = YES;
				ENABLE_USER_SCRIPT_SANDBOXING = YES;
				GCC_C_LANGUAGE_STANDARD = gnu17;
				GCC_NO_COMMON_BLOCKS = YES;
				GCC_WARN_64_TO_32_BIT_CONVERSION = YES;
				GCC_WARN_ABOUT_RETURN_TYPE = YES_ERROR;
				GCC_WARN_UNDECLARED_SELECTOR = YES;
				GCC_WARN_UNINITIALIZED_AUTOS = YES_AGGRESSIVE;
				GCC_WARN_UNUSED_FUNCTION = YES;
				GCC_WARN_UNUSED_VARIABLE = YES;
				IPHONEOS_DEPLOYMENT_TARGET = 17.4;
				LOCALIZATION_PREFERS_STRING_CATALOGS = YES;
				MTL_ENABLE_DEBUG_INFO = NO;
				MTL_FAST_MATH = YES;
				SDKROOT = iphoneos;
				SWIFT_COMPILATION_MODE = wholemodule;
				VALIDATE_PRODUCT = YES;
			};
			name = Release;
		};
		E5DF7C492BE9822B000CF5D2 /* Debug */ = {
			isa = XCBuildConfiguration;
			buildSettings = {
				ASSETCATALOG_COMPILER_APPICON_NAME = AppIcon;
				ASSETCATALOG_COMPILER_GLOBAL_ACCENT_COLOR_NAME = AccentColor;
				CODE_SIGN_STYLE = Automatic;
				CURRENT_PROJECT_VERSION = 1;
				DEVELOPMENT_ASSET_PATHS = "\"QRCodeScannerByHope/Preview Content\"";
				DEVELOPMENT_TEAM = H8DQLWDWP9;
				ENABLE_PREVIEWS = YES;
				GENERATE_INFOPLIST_FILE = YES;
				INFOPLIST_KEY_LSApplicationCategoryType = "";
				INFOPLIST_KEY_NSCameraUsageDescription = "Camera access is required to read QR codes.";
				INFOPLIST_KEY_UIApplicationSceneManifest_Generation = YES;
				INFOPLIST_KEY_UIApplicationSupportsIndirectInputEvents = YES;
				INFOPLIST_KEY_UILaunchScreen_Generation = YES;
				INFOPLIST_KEY_UISupportedInterfaceOrientations_iPad = "UIInterfaceOrientationPortrait UIInterfaceOrientationPortraitUpsideDown UIInterfaceOrientationLandscapeLeft UIInterfaceOrientationLandscapeRight";
				INFOPLIST_KEY_UISupportedInterfaceOrientations_iPhone = "UIInterfaceOrientationPortrait UIInterfaceOrientationLandscapeLeft UIInterfaceOrientationLandscapeRight";
				LD_RUNPATH_SEARCH_PATHS = (
					"$(inherited)",
					"@executable_path/Frameworks",
				);
				MARKETING_VERSION = 1.0;
				PRODUCT_BUNDLE_IDENTIFIER = come.hope.QRCodeScannerByHope;
				PRODUCT_NAME = "$(TARGET_NAME)";
				SWIFT_EMIT_LOC_STRINGS = YES;
				SWIFT_VERSION = 5.0;
				TARGETED_DEVICE_FAMILY = "1,2";
			};
			name = Debug;
		};
		E5DF7C4A2BE9822B000CF5D2 /* Release */ = {
			isa = XCBuildConfiguration;
			buildSettings = {
				ASSETCATALOG_COMPILER_APPICON_NAME = AppIcon;
				ASSETCATALOG_COMPILER_GLOBAL_ACCENT_COLOR_NAME = AccentColor;
				CODE_SIGN_STYLE = Automatic;
				CURRENT_PROJECT_VERSION = 1;
				DEVELOPMENT_ASSET_PATHS = "\"QRCodeScannerByHope/Preview Content\"";
				DEVELOPMENT_TEAM = H8DQLWDWP9;
				ENABLE_PREVIEWS = YES;
				GENERATE_INFOPLIST_FILE = YES;
				INFOPLIST_KEY_LSApplicationCategoryType = "";
				INFOPLIST_KEY_NSCameraUsageDescription = "Camera access is required to read QR codes.";
				INFOPLIST_KEY_UIApplicationSceneManifest_Generation = YES;
				INFOPLIST_KEY_UIApplicationSupportsIndirectInputEvents = YES;
				INFOPLIST_KEY_UILaunchScreen_Generation = YES;
				INFOPLIST_KEY_UISupportedInterfaceOrientations_iPad = "UIInterfaceOrientationPortrait UIInterfaceOrientationPortraitUpsideDown UIInterfaceOrientationLandscapeLeft UIInterfaceOrientationLandscapeRight";
				INFOPLIST_KEY_UISupportedInterfaceOrientations_iPhone = "UIInterfaceOrientationPortrait UIInterfaceOrientationLandscapeLeft UIInterfaceOrientationLandscapeRight";
				LD_RUNPATH_SEARCH_PATHS = (
					"$(inherited)",
					"@executable_path/Frameworks",
				);
				MARKETING_VERSION = 1.0;
				PRODUCT_BUNDLE_IDENTIFIER = come.hope.QRCodeScannerByHope;
				PRODUCT_NAME = "$(TARGET_NAME)";
				SWIFT_EMIT_LOC_STRINGS = YES;
				SWIFT_VERSION = 5.0;
				TARGETED_DEVICE_FAMILY = "1,2";
			};
			name = Release;
		};
		E5DF7C4C2BE9822B000CF5D2 /* Debug */ = {
			isa = XCBuildConfiguration;
			buildSettings = {
				ALWAYS_EMBED_SWIFT_STANDARD_LIBRARIES = YES;
				BUNDLE_LOADER = "$(TEST_HOST)";
				CODE_SIGN_STYLE = Automatic;
				CURRENT_PROJECT_VERSION = 1;
				DEVELOPMENT_TEAM = H8DQLWDWP9;
				GENERATE_INFOPLIST_FILE = YES;
				IPHONEOS_DEPLOYMENT_TARGET = 17.4;
				MARKETING_VERSION = 1.0;
				PRODUCT_BUNDLE_IDENTIFIER = come.hope.QRCodeScannerByHopeTests;
				PRODUCT_NAME = "$(TARGET_NAME)";
				SWIFT_EMIT_LOC_STRINGS = NO;
				SWIFT_VERSION = 5.0;
				TARGETED_DEVICE_FAMILY = "1,2";
				TEST_HOST = "$(BUILT_PRODUCTS_DIR)/QRCodeScannerByHope.app/$(BUNDLE_EXECUTABLE_FOLDER_PATH)/QRCodeScannerByHope";
			};
			name = Debug;
		};
		E5DF7C4D2BE9822B000CF5D2 /* Release */ = {
			isa = XCBuildConfiguration;
			buildSettings = {
				ALWAYS_EMBED_SWIFT_STANDARD_LIBRARIES = YES;
				BUNDLE_LOADER = "$(TEST_HOST)";
				CODE_SIGN_STYLE = Automatic;
				CURRENT_PROJECT_VERSION = 1;
				DEVELOPMENT_TEAM = H8DQLWDWP9;
				GENERATE_INFOPLIST_FILE = YES;
				IPHONEOS_DEPLOYMENT_TARGET = 17.4;
				MARKETING_VERSION = 1.0;
				PRODUCT_BUNDLE_IDENTIFIER = come.hope.QRCodeScannerByHopeTests;
				PRODUCT_NAME = "$(TARGET_NAME)";
				SWIFT_EMIT_LOC_STRINGS = NO;
				SWIFT_VERSION = 5.0;
				TARGETED_DEVICE_FAMILY = "1,2";
				TEST_HOST = "$(BUILT_PRODUCTS_DIR)/QRCodeScannerByHope.app/$(BUNDLE_EXECUTABLE_FOLDER_PATH)/QRCodeScannerByHope";
			};
			name = Release;
		};
		E5DF7C4F2BE9822B000CF5D2 /* Debug */ = {
			isa = XCBuildConfiguration;
			buildSettings = {
				ALWAYS_EMBED_SWIFT_STANDARD_LIBRARIES = YES;
				CODE_SIGN_STYLE = Automatic;
				CURRENT_PROJECT_VERSION = 1;
				DEVELOPMENT_TEAM = H8DQLWDWP9;
				GENERATE_INFOPLIST_FILE = YES;
				MARKETING_VERSION = 1.0;
				PRODUCT_BUNDLE_IDENTIFIER = come.hope.QRCodeScannerByHopeUITests;
				PRODUCT_NAME = "$(TARGET_NAME)";
				SWIFT_EMIT_LOC_STRINGS = NO;
				SWIFT_VERSION = 5.0;
				TARGETED_DEVICE_FAMILY = "1,2";
				TEST_TARGET_NAME = QRCodeScannerByHope;
			};
			name = Debug;
		};
		E5DF7C502BE9822B000CF5D2 /* Release */ = {
			isa = XCBuildConfiguration;
			buildSettings = {
				ALWAYS_EMBED_SWIFT_STANDARD_LIBRARIES = YES;
				CODE_SIGN_STYLE = Automatic;
				CURRENT_PROJECT_VERSION = 1;
				DEVELOPMENT_TEAM = H8DQLWDWP9;
				GENERATE_INFOPLIST_FILE = YES;
				MARKETING_VERSION = 1.0;
				PRODUCT_BUNDLE_IDENTIFIER = come.hope.QRCodeScannerByHopeUITests;
				PRODUCT_NAME = "$(TARGET_NAME)";
				SWIFT_EMIT_LOC_STRINGS = NO;
				SWIFT_VERSION = 5.0;
				TARGETED_DEVICE_FAMILY = "1,2";
				TEST_TARGET_NAME = QRCodeScannerByHope;
			};
			name = Release;
		};
/* End XCBuildConfiguration section */

/* Begin XCConfigurationList section */
		E5DF7C1F2BE9822A000CF5D2 /* Build configuration list for PBXProject "QRCodeScannerByHope" */ = {
			isa = XCConfigurationList;
			buildConfigurations = (
				E5DF7C462BE9822B000CF5D2 /* Debug */,
				E5DF7C472BE9822B000CF5D2 /* Release */,
			);
			defaultConfigurationIsVisible = 0;
			defaultConfigurationName = Release;
		};
		E5DF7C482BE9822B000CF5D2 /* Build configuration list for PBXNativeTarget "QRCodeScannerByHope" */ = {
			isa = XCConfigurationList;
			buildConfigurations = (
				E5DF7C492BE9822B000CF5D2 /* Debug */,
				E5DF7C4A2BE9822B000CF5D2 /* Release */,
			);
			defaultConfigurationIsVisible = 0;
			defaultConfigurationName = Release;
		};
		E5DF7C4B2BE9822B000CF5D2 /* Build configuration list for PBXNativeTarget "QRCodeScannerByHopeTests" */ = {
			isa = XCConfigurationList;
			buildConfigurations = (
				E5DF7C4C2BE9822B000CF5D2 /* Debug */,
				E5DF7C4D2BE9822B000CF5D2 /* Release */,
			);
			defaultConfigurationIsVisible = 0;
			defaultConfigurationName = Release;
		};
		E5DF7C4E2BE9822B000CF5D2 /* Build configuration list for PBXNativeTarget "QRCodeScannerByHopeUITests" */ = {
			isa = XCConfigurationList;
			buildConfigurations = (
				E5DF7C4F2BE9822B000CF5D2 /* Debug */,
				E5DF7C502BE9822B000CF5D2 /* Release */,
			);
			defaultConfigurationIsVisible = 0;
			defaultConfigurationName = Release;
		};
/* End XCConfigurationList section */
	};
	rootObject = E5DF7C1C2BE9822A000CF5D2 /* Project object */;
}
